
Microsoft Visual Studio Solution File, Format Version 12.00
# Visual Studio 15
VisualStudioVersion = 15.0.26430.15
MinimumVisualStudioVersion = 10.0.40219.1
Project("{FAE04EC0-301F-11D3-BF4B-00C04F79EFBC}") = "SerializerXML", "SerializerXML\SerializerXML.csproj", "{69A8678D-AD36-4334-B120-8D6E6E62D6B8}"
EndProject
Project("{FAE04EC0-301F-11D3-BF4B-00C04F79EFBC}") = "Library", "Library\Library.csproj", "{7EE7C59C-0C8C-4247-BD2D-B4D7733E1139}"
EndProject
Global
	GlobalSection(SolutionConfigurationPlatforms) = preSolution
		Debug|Any CPU = Debug|Any CPU
		Release|Any CPU = Release|Any CPU
	EndGlobalSection
	GlobalSection(ProjectConfigurationPlatforms) = postSolution
		{69A8678D-AD36-4334-B120-8D6E6E62D6B8}.Debug|Any CPU.ActiveCfg = Debug|Any CPU
		{69A8678D-AD36-4334-B120-8D6E6E62D6B8}.Debug|Any CPU.Build.0 = Debug|Any CPU
		{69A8678D-AD36-4334-B120-8D6E6E62D6B8}.Release|Any CPU.ActiveCfg = Release|Any CPU
		{69A8678D-AD36-4334-B120-8D6E6E62D6B8}.Release|Any CPU.Build.0 = Release|Any CPU
		{7EE7C59C-0C8C-4247-BD2D-B4D7733E1139}.Debug|Any CPU.ActiveCfg = Debug|Any CPU
		{7EE7C59C-0C8C-4247-BD2D-B4D7733E1139}.Debug|Any CPU.Build.0 = Debug|Any CPU
		{7EE7C59C-0C8C-4247-BD2D-B4D7733E1139}.Release|Any CPU.ActiveCfg = Release|Any CPU
		{7EE7C59C-0C8C-4247-BD2D-B4D7733E1139}.Release|Any CPU.Build.0 = Release|Any CPU
	EndGlobalSection
	GlobalSection(SolutionProperties) = preSolution
		HideSolutionNode = FALSE
	EndGlobalSection
EndGlobal
